
Microsoft Visual Studio Solution File, Format Version 12.00
# Visual Studio Version 16
VisualStudioVersion = 16.0.30011.22
MinimumVisualStudioVersion = 10.0.40219.1
Project("{9A19103F-16F7-4668-BE54-9A1E7A4F7556}") = "Coelsa.Challenge.Api.Test", "Coelsa.Challenge.Api.Test\Coelsa.Challenge.Api.Test.csproj", "{72B236F7-7372-4D3F-A56E-6DEE311461F5}"
EndProject
Project("{9A19103F-16F7-4668-BE54-9A1E7A4F7556}") = "Coelsa.Challenge.Api", "Coelsa.Challenge.Api\Coelsa.Challenge.Api.csproj", "{93B9E7FF-D636-43E8-8803-01025334D8B3}"
EndProject
Global
	GlobalSection(SolutionConfigurationPlatforms) = preSolution
		Debug|Any CPU = Debug|Any CPU
		Release|Any CPU = Release|Any CPU
	EndGlobalSection
	GlobalSection(ProjectConfigurationPlatforms) = postSolution
		{72B236F7-7372-4D3F-A56E-6DEE311461F5}.Debug|Any CPU.ActiveCfg = Debug|Any CPU
		{72B236F7-7372-4D3F-A56E-6DEE311461F5}.Debug|Any CPU.Build.0 = Debug|Any CPU
		{72B236F7-7372-4D3F-A56E-6DEE311461F5}.Release|Any CPU.ActiveCfg = Release|Any CPU
		{72B236F7-7372-4D3F-A56E-6DEE311461F5}.Release|Any CPU.Build.0 = Release|Any CPU
		{93B9E7FF-D636-43E8-8803-01025334D8B3}.Debug|Any CPU.ActiveCfg = Debug|Any CPU
		{93B9E7FF-D636-43E8-8803-01025334D8B3}.Debug|Any CPU.Build.0 = Debug|Any CPU
		{93B9E7FF-D636-43E8-8803-01025334D8B3}.Release|Any CPU.ActiveCfg = Release|Any CPU
		{93B9E7FF-D636-43E8-8803-01025334D8B3}.Release|Any CPU.Build.0 = Release|Any CPU
	EndGlobalSection
	GlobalSection(SolutionProperties) = preSolution
		HideSolutionNode = FALSE
	EndGlobalSection
	GlobalSection(ExtensibilityGlobals) = postSolution
		SolutionGuid = {8B9E70A7-10AE-4BEC-8DEB-90901A627B78}
	EndGlobalSection
EndGlobal
